
Microsoft Visual Studio Solution File, Format Version 12.00
# Visual Studio Version 16
VisualStudioVersion = 16.0.30523.141
MinimumVisualStudioVersion = 10.0.40219.1
Project("{9A19103F-16F7-4668-BE54-9A1E7A4F7556}") = "k01_Degiskenler", "k01_Degiskenler\k01_Degiskenler.csproj", "{715BE138-D9D1-4E4B-A34D-1717F3D858F2}"
EndProject
Project("{9A19103F-16F7-4668-BE54-9A1E7A4F7556}") = "k02_Convert", "k02_Convert\k02_Convert.csproj", "{88F830DE-02EE-4438-AA1B-0BCC020A1555}"
EndProject
Project("{9A19103F-16F7-4668-BE54-9A1E7A4F7556}") = "k03_Operatorler", "k03_Operatorler\k03_Operatorler.csproj", "{AA5B4307-609E-4671-8A1A-56D25A989009}"
EndProject
Project("{FAE04EC0-301F-11D3-BF4B-00C04F79EFBC}") = "k04_YasamDongusu", "k04_YasamDongusu\k04_YasamDongusu.csproj", "{C567F18E-9DA4-4271-8E0F-8461B5CC4421}"
EndProject
Project("{FAE04EC0-301F-11D3-BF4B-00C04F79EFBC}") = "k05_HataYonetimi", "k05_HataYonetimi\k05_HataYonetimi.csproj", "{B366B622-646D-4C06-9A93-08643C109096}"
EndProject
Project("{FAE04EC0-301F-11D3-BF4B-00C04F79EFBC}") = "k06_KararYapilari", "k06_KararYapilari\k06_KararYapilari.csproj", "{64C1ED76-CC19-4DCD-98EC-6DF9ED6FF37B}"
EndProject
Project("{FAE04EC0-301F-11D3-BF4B-00C04F79EFBC}") = "k07_Donguler", "k07_Donguler\k07_Donguler.csproj", "{2F3186C3-CB54-4245-91E2-7B92D8108D4C}"
EndProject
Project("{FAE04EC0-301F-11D3-BF4B-00C04F79EFBC}") = "k08_Diziler", "k08_Diziler\k08_Diziler.csproj", "{A2D4EE3A-3A1C-49A0-B688-80AD51DE32FB}"
EndProject
Project("{FAE04EC0-301F-11D3-BF4B-00C04F79EFBC}") = "k09_ArraySinifi", "k09_ArraySinifi\k09_ArraySinifi.csproj", "{0F4B4B25-0985-43AA-9801-4639812DCA7D}"
EndProject
Project("{FAE04EC0-301F-11D3-BF4B-00C04F79EFBC}") = "EkranKoruyucu", "EkranKoruyucu\EkranKoruyucu.csproj", "{FA1BBFFD-DCEF-4C63-A88C-15FD10CC5391}"
EndProject
Project("{FAE04EC0-301F-11D3-BF4B-00C04F79EFBC}") = "k10_HazirFonksiyonlar", "k10_HazirFonksiyonlar\k10_HazirFonksiyonlar.csproj", "{E256B6CE-4EDF-44E0-92AA-9EC1176F3197}"
EndProject
Global
	GlobalSection(SolutionConfigurationPlatforms) = preSolution
		Debug|Any CPU = Debug|Any CPU
		Release|Any CPU = Release|Any CPU
	EndGlobalSection
	GlobalSection(ProjectConfigurationPlatforms) = postSolution
		{715BE138-D9D1-4E4B-A34D-1717F3D858F2}.Debug|Any CPU.ActiveCfg = Debug|Any CPU
		{715BE138-D9D1-4E4B-A34D-1717F3D858F2}.Debug|Any CPU.Build.0 = Debug|Any CPU
		{715BE138-D9D1-4E4B-A34D-1717F3D858F2}.Release|Any CPU.ActiveCfg = Release|Any CPU
		{715BE138-D9D1-4E4B-A34D-1717F3D858F2}.Release|Any CPU.Build.0 = Release|Any CPU
		{88F830DE-02EE-4438-AA1B-0BCC020A1555}.Debug|Any CPU.ActiveCfg = Debug|Any CPU
		{88F830DE-02EE-4438-AA1B-0BCC020A1555}.Debug|Any CPU.Build.0 = Debug|Any CPU
		{88F830DE-02EE-4438-AA1B-0BCC020A1555}.Release|Any CPU.ActiveCfg = Release|Any CPU
		{88F830DE-02EE-4438-AA1B-0BCC020A1555}.Release|Any CPU.Build.0 = Release|Any CPU
		{AA5B4307-609E-4671-8A1A-56D25A989009}.Debug|Any CPU.ActiveCfg = Debug|Any CPU
		{AA5B4307-609E-4671-8A1A-56D25A989009}.Debug|Any CPU.Build.0 = Debug|Any CPU
		{AA5B4307-609E-4671-8A1A-56D25A989009}.Release|Any CPU.ActiveCfg = Release|Any CPU
		{AA5B4307-609E-4671-8A1A-56D25A989009}.Release|Any CPU.Build.0 = Release|Any CPU
		{C567F18E-9DA4-4271-8E0F-8461B5CC4421}.Debug|Any CPU.ActiveCfg = Debug|Any CPU
		{C567F18E-9DA4-4271-8E0F-8461B5CC4421}.Debug|Any CPU.Build.0 = Debug|Any CPU
		{C567F18E-9DA4-4271-8E0F-8461B5CC4421}.Release|Any CPU.ActiveCfg = Release|Any CPU
		{C567F18E-9DA4-4271-8E0F-8461B5CC4421}.Release|Any CPU.Build.0 = Release|Any CPU
		{B366B622-646D-4C06-9A93-08643C109096}.Debug|Any CPU.ActiveCfg = Debug|Any CPU
		{B366B622-646D-4C06-9A93-08643C109096}.Debug|Any CPU.Build.0 = Debug|Any CPU
		{B366B622-646D-4C06-9A93-08643C109096}.Release|Any CPU.ActiveCfg = Release|Any CPU
		{B366B622-646D-4C06-9A93-08643C109096}.Release|Any CPU.Build.0 = Release|Any CPU
		{64C1ED76-CC19-4DCD-98EC-6DF9ED6FF37B}.Debug|Any CPU.ActiveCfg = Debug|Any CPU
		{64C1ED76-CC19-4DCD-98EC-6DF9ED6FF37B}.Debug|Any CPU.Build.0 = Debug|Any CPU
		{64C1ED76-CC19-4DCD-98EC-6DF9ED6FF37B}.Release|Any CPU.ActiveCfg = Release|Any CPU
		{64C1ED76-CC19-4DCD-98EC-6DF9ED6FF37B}.Release|Any CPU.Build.0 = Release|Any CPU
		{2F3186C3-CB54-4245-91E2-7B92D8108D4C}.Debug|Any CPU.ActiveCfg = Debug|Any CPU
		{2F3186C3-CB54-4245-91E2-7B92D8108D4C}.Debug|Any CPU.Build.0 = Debug|Any CPU
		{2F3186C3-CB54-4245-91E2-7B92D8108D4C}.Release|Any CPU.ActiveCfg = Release|Any CPU
		{2F3186C3-CB54-4245-91E2-7B92D8108D4C}.Release|Any CPU.Build.0 = Release|Any CPU
		{A2D4EE3A-3A1C-49A0-B688-80AD51DE32FB}.Debug|Any CPU.ActiveCfg = Debug|Any CPU
		{A2D4EE3A-3A1C-49A0-B688-80AD51DE32FB}.Debug|Any CPU.Build.0 = Debug|Any CPU
		{A2D4EE3A-3A1C-49A0-B688-80AD51DE32FB}.Release|Any CPU.ActiveCfg = Release|Any CPU
		{A2D4EE3A-3A1C-49A0-B688-80AD51DE32FB}.Release|Any CPU.Build.0 = Release|Any CPU
		{0F4B4B25-0985-43AA-9801-4639812DCA7D}.Debug|Any CPU.ActiveCfg = Debug|Any CPU
		{0F4B4B25-0985-43AA-9801-4639812DCA7D}.Debug|Any CPU.Build.0 = Debug|Any CPU
		{0F4B4B25-0985-43AA-9801-4639812DCA7D}.Release|Any CPU.ActiveCfg = Release|Any CPU
		{0F4B4B25-0985-43AA-9801-4639812DCA7D}.Release|Any CPU.Build.0 = Release|Any CPU
		{FA1BBFFD-DCEF-4C63-A88C-15FD10CC5391}.Debug|Any CPU.ActiveCfg = Debug|Any CPU
		{FA1BBFFD-DCEF-4C63-A88C-15FD10CC5391}.Debug|Any CPU.Build.0 = Debug|Any CPU
		{FA1BBFFD-DCEF-4C63-A88C-15FD10CC5391}.Release|Any CPU.ActiveCfg = Release|Any CPU
		{FA1BBFFD-DCEF-4C63-A88C-15FD10CC5391}.Release|Any CPU.Build.0 = Release|Any CPU
		{E256B6CE-4EDF-44E0-92AA-9EC1176F3197}.Debug|Any CPU.ActiveCfg = Debug|Any CPU
		{E256B6CE-4EDF-44E0-92AA-9EC1176F3197}.Debug|Any CPU.Build.0 = Debug|Any CPU
		{E256B6CE-4EDF-44E0-92AA-9EC1176F3197}.Release|Any CPU.ActiveCfg = Release|Any CPU
		{E256B6CE-4EDF-44E0-92AA-9EC1176F3197}.Release|Any CPU.Build.0 = Release|Any CPU
	EndGlobalSection
	GlobalSection(SolutionProperties) = preSolution
		HideSolutionNode = FALSE
	EndGlobalSection
	GlobalSection(ExtensibilityGlobals) = postSolution
		SolutionGuid = {FCFC6814-B141-41FF-903C-6DD6DA31B5E2}
	EndGlobalSection
EndGlobal
